<?xml version="1.0" encoding="utf-8"?><WorkWithAttributesConfig xmlns:xsi="http://www.w3.org/2001/XMLSchema-instance" xmlns:xsd="http://www.w3.org/2001/XMLSchema"><Pattern /><Type /><ShowAll>false</ShowAll><TypeObject /><Object /><Module /><ShowMore>false</ShowMore><ColumnNameSize>169</ColumnNameSize><ColumnTypeSize>160</ColumnTypeSize><ColumnModuleSize>102</ColumnModuleSize><ColumnDescriptionSize>160</ColumnDescriptionSize><FormWidth>559</FormWidth><FormHeigth>677</FormHeigth></WorkWithAttributesConfig>